
Microsoft Visual Studio Solution File, Format Version 12.00
# Visual Studio Version 16
VisualStudioVersion = 16.0.31702.278
MinimumVisualStudioVersion = 10.0.40219.1
Project("{FAE04EC0-301F-11D3-BF4B-00C04F79EFBC}") = "Cadastro", "Cadastro\Cadastro.csproj", "{4DB1C06F-7AF6-4926-9019-4CF52A66523C}"
EndProject
Global
	GlobalSection(SolutionConfigurationPlatforms) = preSolution
		Debug|Any CPU = Debug|Any CPU
		Release|Any CPU = Release|Any CPU
	EndGlobalSection
	GlobalSection(ProjectConfigurationPlatforms) = postSolution
		{4DB1C06F-7AF6-4926-9019-4CF52A66523C}.Debug|Any CPU.ActiveCfg = Debug|Any CPU
		{4DB1C06F-7AF6-4926-9019-4CF52A66523C}.Debug|Any CPU.Build.0 = Debug|Any CPU
		{4DB1C06F-7AF6-4926-9019-4CF52A66523C}.Release|Any CPU.ActiveCfg = Release|Any CPU
		{4DB1C06F-7AF6-4926-9019-4CF52A66523C}.Release|Any CPU.Build.0 = Release|Any CPU
	EndGlobalSection
	GlobalSection(SolutionProperties) = preSolution
		HideSolutionNode = FALSE
	EndGlobalSection
	GlobalSection(ExtensibilityGlobals) = postSolution
		SolutionGuid = {D6ADA414-6A46-40E4-BECD-D11E19A2B6C4}
	EndGlobalSection
EndGlobal
